
Microsoft Visual Studio Solution File, Format Version 12.00
# Visual Studio Version 17
VisualStudioVersion = 17.8.34330.188
MinimumVisualStudioVersion = 10.0.40219.1
Project("{8BC9CEB8-8B4A-11D0-8D11-00A0C91BC942}") = "Password", "Password.vcxproj", "{632DA015-55D9-4B8C-B1E0-7C3D4FB9846B}"
EndProject
Global
	GlobalSection(SolutionConfigurationPlatforms) = preSolution
		Debug|x64 = Debug|x64
		Debug|x86 = Debug|x86
		Release|x64 = Release|x64
		Release|x86 = Release|x86
	EndGlobalSection
	GlobalSection(ProjectConfigurationPlatforms) = postSolution
		{632DA015-55D9-4B8C-B1E0-7C3D4FB9846B}.Debug|x64.ActiveCfg = Debug|x64
		{632DA015-55D9-4B8C-B1E0-7C3D4FB9846B}.Debug|x64.Build.0 = Debug|x64
		{632DA015-55D9-4B8C-B1E0-7C3D4FB9846B}.Debug|x86.ActiveCfg = Debug|Win32
		{632DA015-55D9-4B8C-B1E0-7C3D4FB9846B}.Debug|x86.Build.0 = Debug|Win32
		{632DA015-55D9-4B8C-B1E0-7C3D4FB9846B}.Release|x64.ActiveCfg = Release|x64
		{632DA015-55D9-4B8C-B1E0-7C3D4FB9846B}.Release|x64.Build.0 = Release|x64
		{632DA015-55D9-4B8C-B1E0-7C3D4FB9846B}.Release|x86.ActiveCfg = Release|Win32
		{632DA015-55D9-4B8C-B1E0-7C3D4FB9846B}.Release|x86.Build.0 = Release|Win32
	EndGlobalSection
	GlobalSection(SolutionProperties) = preSolution
		HideSolutionNode = FALSE
	EndGlobalSection
	GlobalSection(ExtensibilityGlobals) = postSolution
		SolutionGuid = {AC20CAA6-E28A-4AAD-BA9E-FBD4392B9C93}
	EndGlobalSection
EndGlobal
