
Microsoft Visual Studio Solution File, Format Version 12.00
# Visual Studio Version 17
VisualStudioVersion = 17.8.34330.188
MinimumVisualStudioVersion = 10.0.40219.1
Project("{8BC9CEB8-8B4A-11D0-8D11-00A0C91BC942}") = "Tiro_alla_fune_opt3", "Tiro_alla_fune_opt3.vcxproj", "{240A5913-07C3-4F34-A190-468F61318FE0}"
EndProject
Global
	GlobalSection(SolutionConfigurationPlatforms) = preSolution
		Debug|x64 = Debug|x64
		Debug|x86 = Debug|x86
		Release|x64 = Release|x64
		Release|x86 = Release|x86
	EndGlobalSection
	GlobalSection(ProjectConfigurationPlatforms) = postSolution
		{240A5913-07C3-4F34-A190-468F61318FE0}.Debug|x64.ActiveCfg = Debug|x64
		{240A5913-07C3-4F34-A190-468F61318FE0}.Debug|x64.Build.0 = Debug|x64
		{240A5913-07C3-4F34-A190-468F61318FE0}.Debug|x86.ActiveCfg = Debug|Win32
		{240A5913-07C3-4F34-A190-468F61318FE0}.Debug|x86.Build.0 = Debug|Win32
		{240A5913-07C3-4F34-A190-468F61318FE0}.Release|x64.ActiveCfg = Release|x64
		{240A5913-07C3-4F34-A190-468F61318FE0}.Release|x64.Build.0 = Release|x64
		{240A5913-07C3-4F34-A190-468F61318FE0}.Release|x86.ActiveCfg = Release|Win32
		{240A5913-07C3-4F34-A190-468F61318FE0}.Release|x86.Build.0 = Release|Win32
	EndGlobalSection
	GlobalSection(SolutionProperties) = preSolution
		HideSolutionNode = FALSE
	EndGlobalSection
	GlobalSection(ExtensibilityGlobals) = postSolution
		SolutionGuid = {F57B67BD-9E1D-49F4-B683-DBD3D53327A9}
	EndGlobalSection
EndGlobal
