
Microsoft Visual Studio Solution File, Format Version 12.00
# Visual Studio Version 17
VisualStudioVersion = 17.8.34330.188
MinimumVisualStudioVersion = 10.0.40219.1
Project("{8BC9CEB8-8B4A-11D0-8D11-00A0C91BC942}") = "Power4", "Power4.vcxproj", "{88CAD22F-953B-4E60-AFAE-965E574D6785}"
EndProject
Global
	GlobalSection(SolutionConfigurationPlatforms) = preSolution
		Debug|x64 = Debug|x64
		Debug|x86 = Debug|x86
		Release|x64 = Release|x64
		Release|x86 = Release|x86
	EndGlobalSection
	GlobalSection(ProjectConfigurationPlatforms) = postSolution
		{88CAD22F-953B-4E60-AFAE-965E574D6785}.Debug|x64.ActiveCfg = Debug|x64
		{88CAD22F-953B-4E60-AFAE-965E574D6785}.Debug|x64.Build.0 = Debug|x64
		{88CAD22F-953B-4E60-AFAE-965E574D6785}.Debug|x86.ActiveCfg = Debug|Win32
		{88CAD22F-953B-4E60-AFAE-965E574D6785}.Debug|x86.Build.0 = Debug|Win32
		{88CAD22F-953B-4E60-AFAE-965E574D6785}.Release|x64.ActiveCfg = Release|x64
		{88CAD22F-953B-4E60-AFAE-965E574D6785}.Release|x64.Build.0 = Release|x64
		{88CAD22F-953B-4E60-AFAE-965E574D6785}.Release|x86.ActiveCfg = Release|Win32
		{88CAD22F-953B-4E60-AFAE-965E574D6785}.Release|x86.Build.0 = Release|Win32
	EndGlobalSection
	GlobalSection(SolutionProperties) = preSolution
		HideSolutionNode = FALSE
	EndGlobalSection
	GlobalSection(ExtensibilityGlobals) = postSolution
		SolutionGuid = {DF27C9AC-ED50-41EC-A5E6-3F7789851A6C}
	EndGlobalSection
EndGlobal
