
Microsoft Visual Studio Solution File, Format Version 12.00
# Visual Studio Version 17
VisualStudioVersion = 17.8.34330.188
MinimumVisualStudioVersion = 10.0.40219.1
Project("{8BC9CEB8-8B4A-11D0-8D11-00A0C91BC942}") = "Prodotto_negativi_ricorsivo", "Prodotto_negativi_ricorsivo.vcxproj", "{130E4A55-4F1B-4714-8C3E-863669839895}"
EndProject
Global
	GlobalSection(SolutionConfigurationPlatforms) = preSolution
		Debug|x64 = Debug|x64
		Debug|x86 = Debug|x86
		Release|x64 = Release|x64
		Release|x86 = Release|x86
	EndGlobalSection
	GlobalSection(ProjectConfigurationPlatforms) = postSolution
		{130E4A55-4F1B-4714-8C3E-863669839895}.Debug|x64.ActiveCfg = Debug|x64
		{130E4A55-4F1B-4714-8C3E-863669839895}.Debug|x64.Build.0 = Debug|x64
		{130E4A55-4F1B-4714-8C3E-863669839895}.Debug|x86.ActiveCfg = Debug|Win32
		{130E4A55-4F1B-4714-8C3E-863669839895}.Debug|x86.Build.0 = Debug|Win32
		{130E4A55-4F1B-4714-8C3E-863669839895}.Release|x64.ActiveCfg = Release|x64
		{130E4A55-4F1B-4714-8C3E-863669839895}.Release|x64.Build.0 = Release|x64
		{130E4A55-4F1B-4714-8C3E-863669839895}.Release|x86.ActiveCfg = Release|Win32
		{130E4A55-4F1B-4714-8C3E-863669839895}.Release|x86.Build.0 = Release|Win32
	EndGlobalSection
	GlobalSection(SolutionProperties) = preSolution
		HideSolutionNode = FALSE
	EndGlobalSection
	GlobalSection(ExtensibilityGlobals) = postSolution
		SolutionGuid = {6E951E56-09B1-4460-A760-25725BA2BADB}
	EndGlobalSection
EndGlobal
