
Microsoft Visual Studio Solution File, Format Version 12.00
# Visual Studio Version 17
VisualStudioVersion = 17.8.34330.188
MinimumVisualStudioVersion = 10.0.40219.1
Project("{8BC9CEB8-8B4A-11D0-8D11-00A0C91BC942}") = "Mangia_caramelle_v2", "Mangia_caramelle_v2.vcxproj", "{46214517-4418-4D9A-9C71-CED41F001A58}"
EndProject
Global
	GlobalSection(SolutionConfigurationPlatforms) = preSolution
		Debug|x64 = Debug|x64
		Debug|x86 = Debug|x86
		Release|x64 = Release|x64
		Release|x86 = Release|x86
	EndGlobalSection
	GlobalSection(ProjectConfigurationPlatforms) = postSolution
		{46214517-4418-4D9A-9C71-CED41F001A58}.Debug|x64.ActiveCfg = Debug|x64
		{46214517-4418-4D9A-9C71-CED41F001A58}.Debug|x64.Build.0 = Debug|x64
		{46214517-4418-4D9A-9C71-CED41F001A58}.Debug|x86.ActiveCfg = Debug|Win32
		{46214517-4418-4D9A-9C71-CED41F001A58}.Debug|x86.Build.0 = Debug|Win32
		{46214517-4418-4D9A-9C71-CED41F001A58}.Release|x64.ActiveCfg = Release|x64
		{46214517-4418-4D9A-9C71-CED41F001A58}.Release|x64.Build.0 = Release|x64
		{46214517-4418-4D9A-9C71-CED41F001A58}.Release|x86.ActiveCfg = Release|Win32
		{46214517-4418-4D9A-9C71-CED41F001A58}.Release|x86.Build.0 = Release|Win32
	EndGlobalSection
	GlobalSection(SolutionProperties) = preSolution
		HideSolutionNode = FALSE
	EndGlobalSection
	GlobalSection(ExtensibilityGlobals) = postSolution
		SolutionGuid = {89550B90-659C-40F2-B8F7-620C39CCFDA7}
	EndGlobalSection
EndGlobal
