
Microsoft Visual Studio Solution File, Format Version 12.00
# Visual Studio Version 17
VisualStudioVersion = 17.8.34330.188
MinimumVisualStudioVersion = 10.0.40219.1
Project("{8BC9CEB8-8B4A-11D0-8D11-00A0C91BC942}") = "prova_fattoriale", "prova_fattoriale.vcxproj", "{0D3327E5-D55D-4DAA-92A8-C72D70D9D56B}"
EndProject
Global
	GlobalSection(SolutionConfigurationPlatforms) = preSolution
		Debug|x64 = Debug|x64
		Debug|x86 = Debug|x86
		Release|x64 = Release|x64
		Release|x86 = Release|x86
	EndGlobalSection
	GlobalSection(ProjectConfigurationPlatforms) = postSolution
		{0D3327E5-D55D-4DAA-92A8-C72D70D9D56B}.Debug|x64.ActiveCfg = Debug|x64
		{0D3327E5-D55D-4DAA-92A8-C72D70D9D56B}.Debug|x64.Build.0 = Debug|x64
		{0D3327E5-D55D-4DAA-92A8-C72D70D9D56B}.Debug|x86.ActiveCfg = Debug|Win32
		{0D3327E5-D55D-4DAA-92A8-C72D70D9D56B}.Debug|x86.Build.0 = Debug|Win32
		{0D3327E5-D55D-4DAA-92A8-C72D70D9D56B}.Release|x64.ActiveCfg = Release|x64
		{0D3327E5-D55D-4DAA-92A8-C72D70D9D56B}.Release|x64.Build.0 = Release|x64
		{0D3327E5-D55D-4DAA-92A8-C72D70D9D56B}.Release|x86.ActiveCfg = Release|Win32
		{0D3327E5-D55D-4DAA-92A8-C72D70D9D56B}.Release|x86.Build.0 = Release|Win32
	EndGlobalSection
	GlobalSection(SolutionProperties) = preSolution
		HideSolutionNode = FALSE
	EndGlobalSection
	GlobalSection(ExtensibilityGlobals) = postSolution
		SolutionGuid = {91CC071C-975F-40D9-981D-2AFC774F1E3E}
	EndGlobalSection
EndGlobal
