
Microsoft Visual Studio Solution File, Format Version 12.00
# Visual Studio Version 17
VisualStudioVersion = 17.8.34330.188
MinimumVisualStudioVersion = 10.0.40219.1
Project("{8BC9CEB8-8B4A-11D0-8D11-00A0C91BC942}") = "mains", "mains.vcxproj", "{D5FDFF5A-87D4-4173-9E45-475BDB636D44}"
EndProject
Global
	GlobalSection(SolutionConfigurationPlatforms) = preSolution
		Debug|x64 = Debug|x64
		Debug|x86 = Debug|x86
		Release|x64 = Release|x64
		Release|x86 = Release|x86
	EndGlobalSection
	GlobalSection(ProjectConfigurationPlatforms) = postSolution
		{D5FDFF5A-87D4-4173-9E45-475BDB636D44}.Debug|x64.ActiveCfg = Debug|x64
		{D5FDFF5A-87D4-4173-9E45-475BDB636D44}.Debug|x64.Build.0 = Debug|x64
		{D5FDFF5A-87D4-4173-9E45-475BDB636D44}.Debug|x86.ActiveCfg = Debug|Win32
		{D5FDFF5A-87D4-4173-9E45-475BDB636D44}.Debug|x86.Build.0 = Debug|Win32
		{D5FDFF5A-87D4-4173-9E45-475BDB636D44}.Release|x64.ActiveCfg = Release|x64
		{D5FDFF5A-87D4-4173-9E45-475BDB636D44}.Release|x64.Build.0 = Release|x64
		{D5FDFF5A-87D4-4173-9E45-475BDB636D44}.Release|x86.ActiveCfg = Release|Win32
		{D5FDFF5A-87D4-4173-9E45-475BDB636D44}.Release|x86.Build.0 = Release|Win32
	EndGlobalSection
	GlobalSection(SolutionProperties) = preSolution
		HideSolutionNode = FALSE
	EndGlobalSection
	GlobalSection(ExtensibilityGlobals) = postSolution
		SolutionGuid = {DBE6CB7C-190E-4165-9E6B-8EAE182F0F10}
	EndGlobalSection
EndGlobal
