
Microsoft Visual Studio Solution File, Format Version 12.00
# Visual Studio Version 17
VisualStudioVersion = 17.8.34330.188
MinimumVisualStudioVersion = 10.0.40219.1
Project("{8BC9CEB8-8B4A-11D0-8D11-00A0C91BC942}") = "Reverse", "Reverse.vcxproj", "{1297C003-B312-4BF0-BB63-2D3ECD231EE1}"
EndProject
Global
	GlobalSection(SolutionConfigurationPlatforms) = preSolution
		Debug|x64 = Debug|x64
		Debug|x86 = Debug|x86
		Release|x64 = Release|x64
		Release|x86 = Release|x86
	EndGlobalSection
	GlobalSection(ProjectConfigurationPlatforms) = postSolution
		{1297C003-B312-4BF0-BB63-2D3ECD231EE1}.Debug|x64.ActiveCfg = Debug|x64
		{1297C003-B312-4BF0-BB63-2D3ECD231EE1}.Debug|x64.Build.0 = Debug|x64
		{1297C003-B312-4BF0-BB63-2D3ECD231EE1}.Debug|x86.ActiveCfg = Debug|Win32
		{1297C003-B312-4BF0-BB63-2D3ECD231EE1}.Debug|x86.Build.0 = Debug|Win32
		{1297C003-B312-4BF0-BB63-2D3ECD231EE1}.Release|x64.ActiveCfg = Release|x64
		{1297C003-B312-4BF0-BB63-2D3ECD231EE1}.Release|x64.Build.0 = Release|x64
		{1297C003-B312-4BF0-BB63-2D3ECD231EE1}.Release|x86.ActiveCfg = Release|Win32
		{1297C003-B312-4BF0-BB63-2D3ECD231EE1}.Release|x86.Build.0 = Release|Win32
	EndGlobalSection
	GlobalSection(SolutionProperties) = preSolution
		HideSolutionNode = FALSE
	EndGlobalSection
	GlobalSection(ExtensibilityGlobals) = postSolution
		SolutionGuid = {F0871712-4F70-48B9-96D4-7ABB715EFE83}
	EndGlobalSection
EndGlobal
