
Microsoft Visual Studio Solution File, Format Version 12.00
# Visual Studio Version 17
VisualStudioVersion = 17.8.34330.188
MinimumVisualStudioVersion = 10.0.40219.1
Project("{8BC9CEB8-8B4A-11D0-8D11-00A0C91BC942}") = "Slection_sort_list", "Slection_sort_list.vcxproj", "{27247F27-8343-4D53-BB1B-0ED650979DED}"
EndProject
Global
	GlobalSection(SolutionConfigurationPlatforms) = preSolution
		Debug|x64 = Debug|x64
		Debug|x86 = Debug|x86
		Release|x64 = Release|x64
		Release|x86 = Release|x86
	EndGlobalSection
	GlobalSection(ProjectConfigurationPlatforms) = postSolution
		{27247F27-8343-4D53-BB1B-0ED650979DED}.Debug|x64.ActiveCfg = Debug|x64
		{27247F27-8343-4D53-BB1B-0ED650979DED}.Debug|x64.Build.0 = Debug|x64
		{27247F27-8343-4D53-BB1B-0ED650979DED}.Debug|x86.ActiveCfg = Debug|Win32
		{27247F27-8343-4D53-BB1B-0ED650979DED}.Debug|x86.Build.0 = Debug|Win32
		{27247F27-8343-4D53-BB1B-0ED650979DED}.Release|x64.ActiveCfg = Release|x64
		{27247F27-8343-4D53-BB1B-0ED650979DED}.Release|x64.Build.0 = Release|x64
		{27247F27-8343-4D53-BB1B-0ED650979DED}.Release|x86.ActiveCfg = Release|Win32
		{27247F27-8343-4D53-BB1B-0ED650979DED}.Release|x86.Build.0 = Release|Win32
	EndGlobalSection
	GlobalSection(SolutionProperties) = preSolution
		HideSolutionNode = FALSE
	EndGlobalSection
	GlobalSection(ExtensibilityGlobals) = postSolution
		SolutionGuid = {8338F608-2A95-4689-8750-B6723F082A4A}
	EndGlobalSection
EndGlobal
